
Microsoft Visual Studio Solution File, Format Version 12.00
# Visual Studio 2012
Project("{FAE04EC0-301F-11D3-BF4B-00C04F79EFBC}") = "MvcApplication1", "MvcApplication1\MvcApplication1.csproj", "{AB18537E-6376-4EBC-B0FD-B54547F1A14C}"
EndProject
Global
	GlobalSection(SolutionConfigurationPlatforms) = preSolution
		Debug|Any CPU = Debug|Any CPU
		Release|Any CPU = Release|Any CPU
	EndGlobalSection
	GlobalSection(ProjectConfigurationPlatforms) = postSolution
		{AB18537E-6376-4EBC-B0FD-B54547F1A14C}.Debug|Any CPU.ActiveCfg = Debug|Any CPU
		{AB18537E-6376-4EBC-B0FD-B54547F1A14C}.Debug|Any CPU.Build.0 = Debug|Any CPU
		{AB18537E-6376-4EBC-B0FD-B54547F1A14C}.Release|Any CPU.ActiveCfg = Release|Any CPU
		{AB18537E-6376-4EBC-B0FD-B54547F1A14C}.Release|Any CPU.Build.0 = Release|Any CPU
	EndGlobalSection
	GlobalSection(SolutionProperties) = preSolution
		HideSolutionNode = FALSE
	EndGlobalSection
EndGlobal
